{
  "name": "hoshi-calculation-libraries-spike",
  "lockfileVersion": 3,
  "requires": true,
  "packages": {
    "": {
      "name": "hoshi-calculation-libraries-spike",
      "dependencies": {
        "lunar-javascript": "^1.7.7",
        "lunar-typescript": "^1.8.6",
        "tyme4ts": "^1.4.6"
      }
    },
    "node_modules/lunar-javascript": {
      "version": "1.7.7",
      "resolved": "https://registry.npmjs.org/lunar-javascript/-/lunar-javascript-1.7.7.tgz",
      "integrity": "sha512-u/KYiwPIBo/0bT+WWfU7qO1d+aqeB90Tuy4ErXenr2Gam0QcWeezUvtiOIyXR7HbVnW2I1DKfU0NBvzMZhbVQw==",
      "license": "MIT"
    },
    "node_modules/lunar-typescript": {
      "version": "1.8.6",
      "resolved": "https://registry.npmjs.org/lunar-typescript/-/lunar-typescript-1.8.6.tgz",
      "integrity": "sha512-5Eo4T/cnuXfrgO4k5LCpOGHIUOuz5hCF/IfNv0T29WY2shR36Hiz+ecN9WjnUuxUKhql9gbOkPaQoqLFKtPRNA==",
      "license": "MIT"
    },
    "node_modules/tyme4ts": {
      "version": "1.4.6",
      "resolved": "https://registry.npmjs.org/tyme4ts/-/tyme4ts-1.4.6.tgz",
      "integrity": "sha512-6uiAlUxS4BNu2FGsKg0KdUr329jJjhnEURhURR8v5GKXnv1B7Z4kAZHjOByhGcCJ+jhuQskR5kmGSvZJ7fE/VA==",
      "license": "MIT"
    }
  }
}
